{
  "name": "identicon",
  "version": "0.0.0",
  "lockfileVersion": 3,
  "requires": true,
  "packages": {
    "": {
      "name": "identicon",
      "version": "0.0.0",
      "license": "MIT",
      "dependencies": {
        "@rescript/core": "^1.6.1",
        "@rescript/std": "12.0.0-alpha.9"
      },
      "devDependencies": {
        "@rolandpeelen/rewatch": "^1.2.0",
        "reanalyze": "^2.23.0",
        "rescript": "12.0.0-alpha.9"
      }
    },
    "node_modules/@rescript/core": {
      "version": "1.6.1",
      "resolved": "https://registry.npmjs.org/@rescript/core/-/core-1.6.1.tgz",
      "integrity": "sha512-vyb5k90ck+65Fgui+5vCja/mUfzKaK3kOPT4Z6aAJdHLH1eljEi1zKhXroCiCtpNLSWp8k4ulh1bdB5WS0hvqA==",
      "license": "MIT",
      "peerDependencies": {
        "rescript": ">=11.1.0"
      }
    },
    "node_modules/@rescript/std": {
      "version": "12.0.0-alpha.9",
      "resolved": "https://registry.npmjs.org/@rescript/std/-/std-12.0.0-alpha.9.tgz",
      "integrity": "sha512-zckWO5mBFNdtIDEg5kXEB64mopQhGkT/nySf3zzo6M/VXYPCmUkQ3kVT3yRO9Xl+aSI967rD9JUfTUkcUcp13A==",
      "license": "SEE LICENSE IN LICENSE"
    },
    "node_modules/@rolandpeelen/rewatch": {
      "version": "1.2.0",
      "resolved": "https://registry.npmjs.org/@rolandpeelen/rewatch/-/rewatch-1.2.0.tgz",
      "integrity": "sha512-mWEWU5zskT80PCxu7pbvbK0IjTcc+9L/O02EBBLpztGISfj9IYk2KB5vCTDsQzPRzFasWheKRt+wgTFQYJwaQQ==",
      "dev": true,
      "hasInstallScript": true,
      "license": "BSD-3-Clause",
      "bin": {
        "rewatch": "rewatch"
      }
    },
    "node_modules/reanalyze": {
      "version": "2.23.0",
      "resolved": "https://registry.npmjs.org/reanalyze/-/reanalyze-2.23.0.tgz",
      "integrity": "sha512-5pkH13pX1PrZFkIfmZUjKtYCqzFY2jTaEjBsqyR9SM3HLexAtkHTa4vLHTwuYk167KuO1uwWyEppo8NJIjfkOw==",
      "dev": true,
      "hasInstallScript": true,
      "license": "MIT",
      "bin": {
        "reanalyze": "reanalyze.exe"
      }
    },
    "node_modules/rescript": {
      "version": "12.0.0-alpha.9",
      "resolved": "https://registry.npmjs.org/rescript/-/rescript-12.0.0-alpha.9.tgz",
      "integrity": "sha512-h1RHv3AGge/td+4s3mufCyJkBQ+/OcQtu3RyvQjR0c3SZJNB87G/0LESoa7FLlKokwjtX+fpcIoQP9WK2PDAqQ==",
      "hasInstallScript": true,
      "license": "SEE LICENSE IN LICENSE",
      "bin": {
        "bsc": "cli/bsc",
        "bstracing": "lib/bstracing",
        "rescript": "cli/rescript",
        "rescript-tools": "cli/rescript-tools",
        "rewatch": "cli/rewatch"
      },
      "engines": {
        "node": ">=18"
      }
    }
  }
}
