lockfileVersion: '9.0'

settings:
  autoInstallPeers: true
  excludeLinksFromLockfile: false

importers:

  .:
    dependencies:
      '@rescript/core':
        specifier: ^1.6.1
        version: 1.6.1(rescript@12.0.0-alpha.9)
      '@rescript/std':
        specifier: 12.0.0-alpha.9
        version: 12.0.0-alpha.9
      '@rescript/webapi':
        specifier: 0.1.0-experimental-5bac86c
        version: 0.1.0-experimental-5bac86c
    devDependencies:
      '@rolandpeelen/rewatch':
        specifier: ^1.2.0
        version: 1.2.0
      reanalyze:
        specifier: ^2.23.0
        version: 2.23.0
      rescript:
        specifier: 12.0.0-alpha.9
        version: 12.0.0-alpha.9

packages:

  '@rescript/core@1.6.1':
    resolution: {integrity: sha512-vyb5k90ck+65Fgui+5vCja/mUfzKaK3kOPT4Z6aAJdHLH1eljEi1zKhXroCiCtpNLSWp8k4ulh1bdB5WS0hvqA==}
    peerDependencies:
      rescript: '>=11.1.0'

  '@rescript/std@12.0.0-alpha.9':
    resolution: {integrity: sha512-zckWO5mBFNdtIDEg5kXEB64mopQhGkT/nySf3zzo6M/VXYPCmUkQ3kVT3yRO9Xl+aSI967rD9JUfTUkcUcp13A==}

  '@rescript/webapi@0.1.0-experimental-5bac86c':
    resolution: {integrity: sha512-3PJDP9YJsEfeRI6JgD7vLg2wBLgdoalmEbcNDpLExVXXo/cbnGTGQ8EHUeAdVpRiZU1QDcKW+GfmZ++4lotaOQ==}

  '@rolandpeelen/rewatch@1.2.0':
    resolution: {integrity: sha512-mWEWU5zskT80PCxu7pbvbK0IjTcc+9L/O02EBBLpztGISfj9IYk2KB5vCTDsQzPRzFasWheKRt+wgTFQYJwaQQ==}
    hasBin: true

  reanalyze@2.23.0:
    resolution: {integrity: sha512-5pkH13pX1PrZFkIfmZUjKtYCqzFY2jTaEjBsqyR9SM3HLexAtkHTa4vLHTwuYk167KuO1uwWyEppo8NJIjfkOw==}
    hasBin: true

  rescript@12.0.0-alpha.9:
    resolution: {integrity: sha512-h1RHv3AGge/td+4s3mufCyJkBQ+/OcQtu3RyvQjR0c3SZJNB87G/0LESoa7FLlKokwjtX+fpcIoQP9WK2PDAqQ==}
    engines: {node: '>=18'}
    hasBin: true

snapshots:

  '@rescript/core@1.6.1(rescript@12.0.0-alpha.9)':
    dependencies:
      rescript: 12.0.0-alpha.9

  '@rescript/std@12.0.0-alpha.9': {}

  '@rescript/webapi@0.1.0-experimental-5bac86c':
    dependencies:
      rescript: 12.0.0-alpha.9

  '@rolandpeelen/rewatch@1.2.0': {}

  reanalyze@2.23.0: {}

  rescript@12.0.0-alpha.9: {}
